// !$*UTF8*$!
{
	archiveVersion = 1;
	classes = {
	};
	objectVersion = 46;
	objects = {

/* Begin PBXBuildFile section */
		9AA10AD31953BBBA00978D79 /* Foundation.framework in Frameworks */ = {isa = PBXBuildFile; fileRef = 9AA10AD21953BBBA00978D79 /* Foundation.framework */; };
		9AA10AD51953BBBA00978D79 /* CoreGraphics.framework in Frameworks */ = {isa = PBXBuildFile; fileRef = 9AA10AD41953BBBA00978D79 /* CoreGraphics.framework */; };
		9AA10AD71953BBBA00978D79 /* UIKit.framework in Frameworks */ = {isa = PBXBuildFile; fileRef = 9AA10AD61953BBBA00978D79 /* UIKit.framework */; };
		9AA10ADD1953BBBA00978D79 /* InfoPlist.strings in Resources */ = {isa = PBXBuildFile; fileRef = 9AA10ADB1953BBBA00978D79 /* InfoPlist.strings */; };
		9AA10ADF1953BBBA00978D79 /* main.m in Sources */ = {isa = PBXBuildFile; fileRef = 9AA10ADE1953BBBA00978D79 /* main.m */; };
		9AA10AE31953BBBA00978D79 /* iOSAppDelegate.m in Sources */ = {isa = PBXBuildFile; fileRef = 9AA10AE21953BBBA00978D79 /* iOSAppDelegate.m */; };
		9AA10AE61953BBBA00978D79 /* Main.storyboard in Resources */ = {isa = PBXBuildFile; fileRef = 9AA10AE41953BBBA00978D79 /* Main.storyboard */; };
		9AA10AE91953BBBA00978D79 /* WedViewController.m in Sources */ = {isa = PBXBuildFile; fileRef = 9AA10AE81953BBBA00978D79 /* WedViewController.m */; };
		9AA10AEB1953BBBA00978D79 /* Images.xcassets in Resources */ = {isa = PBXBuildFile; fileRef = 9AA10AEA1953BBBA00978D79 /* Images.xcassets */; };
		9AA10AF21953BBBA00978D79 /* XCTest.framework in Frameworks */ = {isa = PBXBuildFile; fileRef = 9AA10AF11953BBBA00978D79 /* XCTest.framework */; };
		9AA10AF31953BBBA00978D79 /* Foundation.framework in Frameworks */ = {isa = PBXBuildFile; fileRef = 9AA10AD21953BBBA00978D79 /* Foundation.framework */; };
		9AA10AF41953BBBA00978D79 /* UIKit.framework in Frameworks */ = {isa = PBXBuildFile; fileRef = 9AA10AD61953BBBA00978D79 /* UIKit.framework */; };
		9AA10AFC1953BBBA00978D79 /* InfoPlist.strings in Resources */ = {isa = PBXBuildFile; fileRef = 9AA10AFA1953BBBA00978D79 /* InfoPlist.strings */; };
		9AA10AFE1953BBBA00978D79 /* CreditTests.m in Sources */ = {isa = PBXBuildFile; fileRef = 9AA10AFD1953BBBA00978D79 /* CreditTests.m */; };
		9AA10B091953BC7100978D79 /* TimeViewController.m in Sources */ = {isa = PBXBuildFile; fileRef = 9AA10B081953BC7100978D79 /* TimeViewController.m */; };
		9AA10B0C1953BCBB00978D79 /* MonViewController.m in Sources */ = {isa = PBXBuildFile; fileRef = 9AA10B0B1953BCBB00978D79 /* MonViewController.m */; };
		9AA10B0F1953BCEF00978D79 /* TueViewController.m in Sources */ = {isa = PBXBuildFile; fileRef = 9AA10B0E1953BCEF00978D79 /* TueViewController.m */; };
		9AA10B121953C08700978D79 /* ThurViewController.m in Sources */ = {isa = PBXBuildFile; fileRef = 9AA10B111953C08700978D79 /* ThurViewController.m */; };
		9AA10B151953C09700978D79 /* FriViewController.m in Sources */ = {isa = PBXBuildFile; fileRef = 9AA10B141953C09700978D79 /* FriViewController.m */; };
/* End PBXBuildFile section */

/* Begin PBXContainerItemProxy section */
		9AA10AF51953BBBA00978D79 /* PBXContainerItemProxy */ = {
			isa = PBXContainerItemProxy;
			containerPortal = 9AA10AC71953BBBA00978D79 /* Project object */;
			proxyType = 1;
			remoteGlobalIDString = 9AA10ACE1953BBBA00978D79;
			remoteInfo = Credit;
		};
/* End PBXContainerItemProxy section */

/* Begin PBXFileReference section */
		9AA10ACF1953BBBA00978D79 /* Credit.app */ = {isa = PBXFileReference; explicitFileType = wrapper.application; includeInIndex = 0; path = Credit.app; sourceTree = BUILT_PRODUCTS_DIR; };
		9AA10AD21953BBBA00978D79 /* Foundation.framework */ = {isa = PBXFileReference; lastKnownFileType = wrapper.framework; name = Foundation.framework; path = System/Library/Frameworks/Foundation.framework; sourceTree = SDKROOT; };
		9AA10AD41953BBBA00978D79 /* CoreGraphics.framework */ = {isa = PBXFileReference; lastKnownFileType = wrapper.framework; name = CoreGraphics.framework; path = System/Library/Frameworks/CoreGraphics.framework; sourceTree = SDKROOT; };
		9AA10AD61953BBBA00978D79 /* UIKit.framework */ = {isa = PBXFileReference; lastKnownFileType = wrapper.framework; name = UIKit.framework; path = System/Library/Frameworks/UIKit.framework; sourceTree = SDKROOT; };
		9AA10ADA1953BBBA00978D79 /* Credit-Info.plist */ = {isa = PBXFileReference; lastKnownFileType = text.plist.xml; path = "Credit-Info.plist"; sourceTree = "<group>"; };
		9AA10ADC1953BBBA00978D79 /* en */ = {isa = PBXFileReference; lastKnownFileType = text.plist.strings; name = en; path = en.lproj/InfoPlist.strings; sourceTree = "<group>"; };
		9AA10ADE1953BBBA00978D79 /* main.m */ = {isa = PBXFileReference; lastKnownFileType = sourcecode.c.objc; path = main.m; sourceTree = "<group>"; };
		9AA10AE01953BBBA00978D79 /* Credit-Prefix.pch */ = {isa = PBXFileReference; lastKnownFileType = sourcecode.c.h; path = "Credit-Prefix.pch"; sourceTree = "<group>"; };
		9AA10AE11953BBBA00978D79 /* iOSAppDelegate.h */ = {isa = PBXFileReference; lastKnownFileType = sourcecode.c.h; path = iOSAppDelegate.h; sourceTree = "<group>"; };
		9AA10AE21953BBBA00978D79 /* iOSAppDelegate.m */ = {isa = PBXFileReference; lastKnownFileType = sourcecode.c.objc; path = iOSAppDelegate.m; sourceTree = "<group>"; };
		9AA10AE51953BBBA00978D79 /* Base */ = {isa = PBXFileReference; lastKnownFileType = file.storyboard; name = Base; path = Base.lproj/Main.storyboard; sourceTree = "<group>"; };
		9AA10AE71953BBBA00978D79 /* WedViewController.h */ = {isa = PBXFileReference; lastKnownFileType = sourcecode.c.h; path = WedViewController.h; sourceTree = "<group>"; };
		9AA10AE81953BBBA00978D79 /* WedViewController.m */ = {isa = PBXFileReference; lastKnownFileType = sourcecode.c.objc; path = WedViewController.m; sourceTree = "<group>"; };
		9AA10AEA1953BBBA00978D79 /* Images.xcassets */ = {isa = PBXFileReference; lastKnownFileType = folder.assetcatalog; path = Images.xcassets; sourceTree = "<group>"; };
		9AA10AF01953BBBA00978D79 /* CreditTests.xctest */ = {isa = PBXFileReference; explicitFileType = wrapper.cfbundle; includeInIndex = 0; path = CreditTests.xctest; sourceTree = BUILT_PRODUCTS_DIR; };
		9AA10AF11953BBBA00978D79 /* XCTest.framework */ = {isa = PBXFileReference; lastKnownFileType = wrapper.framework; name = XCTest.framework; path = Library/Frameworks/XCTest.framework; sourceTree = DEVELOPER_DIR; };
		9AA10AF91953BBBA00978D79 /* CreditTests-Info.plist */ = {isa = PBXFileReference; lastKnownFileType = text.plist.xml; path = "CreditTests-Info.plist"; sourceTree = "<group>"; };
		9AA10AFB1953BBBA00978D79 /* en */ = {isa = PBXFileReference; lastKnownFileType = text.plist.strings; name = en; path = en.lproj/InfoPlist.strings; sourceTree = "<group>"; };
		9AA10AFD1953BBBA00978D79 /* CreditTests.m */ = {isa = PBXFileReference; lastKnownFileType = sourcecode.c.objc; path = CreditTests.m; sourceTree = "<group>"; };
		9AA10B071953BC7100978D79 /* TimeViewController.h */ = {isa = PBXFileReference; fileEncoding = 4; lastKnownFileType = sourcecode.c.h; path = TimeViewController.h; sourceTree = "<group>"; };
		9AA10B081953BC7100978D79 /* TimeViewController.m */ = {isa = PBXFileReference; fileEncoding = 4; lastKnownFileType = sourcecode.c.objc; path = TimeViewController.m; sourceTree = "<group>"; };
		9AA10B0A1953BCBB00978D79 /* MonViewController.h */ = {isa = PBXFileReference; fileEncoding = 4; lastKnownFileType = sourcecode.c.h; path = MonViewController.h; sourceTree = "<group>"; };
		9AA10B0B1953BCBB00978D79 /* MonViewController.m */ = {isa = PBXFileReference; fileEncoding = 4; lastKnownFileType = sourcecode.c.objc; path = MonViewController.m; sourceTree = "<group>"; };
		9AA10B0D1953BCEF00978D79 /* TueViewController.h */ = {isa = PBXFileReference; fileEncoding = 4; lastKnownFileType = sourcecode.c.h; path = TueViewController.h; sourceTree = "<group>"; };
		9AA10B0E1953BCEF00978D79 /* TueViewController.m */ = {isa = PBXFileReference; fileEncoding = 4; lastKnownFileType = sourcecode.c.objc; path = TueViewController.m; sourceTree = "<group>"; };
		9AA10B101953C08700978D79 /* ThurViewController.h */ = {isa = PBXFileReference; fileEncoding = 4; lastKnownFileType = sourcecode.c.h; path = ThurViewController.h; sourceTree = "<group>"; };
		9AA10B111953C08700978D79 /* ThurViewController.m */ = {isa = PBXFileReference; fileEncoding = 4; lastKnownFileType = sourcecode.c.objc; path = ThurViewController.m; sourceTree = "<group>"; };
		9AA10B131953C09700978D79 /* FriViewController.h */ = {isa = PBXFileReference; fileEncoding = 4; lastKnownFileType = sourcecode.c.h; path = FriViewController.h; sourceTree = "<group>"; };
		9AA10B141953C09700978D79 /* FriViewController.m */ = {isa = PBXFileReference; fileEncoding = 4; lastKnownFileType = sourcecode.c.objc; path = FriViewController.m; sourceTree = "<group>"; };
/* End PBXFileReference section */

/* Begin PBXFrameworksBuildPhase section */
		9AA10ACC1953BBBA00978D79 /* Frameworks */ = {
			isa = PBXFrameworksBuildPhase;
			buildActionMask = 2147483647;
			files = (
				9AA10AD51953BBBA00978D79 /* CoreGraphics.framework in Frameworks */,
				9AA10AD71953BBBA00978D79 /* UIKit.framework in Frameworks */,
				9AA10AD31953BBBA00978D79 /* Foundation.framework in Frameworks */,
			);
			runOnlyForDeploymentPostprocessing = 0;
		};
		9AA10AED1953BBBA00978D79 /* Frameworks */ = {
			isa = PBXFrameworksBuildPhase;
			buildActionMask = 2147483647;
			files = (
				9AA10AF21953BBBA00978D79 /* XCTest.framework in Frameworks */,
				9AA10AF41953BBBA00978D79 /* UIKit.framework in Frameworks */,
				9AA10AF31953BBBA00978D79 /* Foundation.framework in Frameworks */,
			);
			runOnlyForDeploymentPostprocessing = 0;
		};
/* End PBXFrameworksBuildPhase section */

/* Begin PBXGroup section */
		9AA10AC61953BBBA00978D79 = {
			isa = PBXGroup;
			children = (
				9AA10AD81953BBBA00978D79 /* Credit */,
				9AA10AF71953BBBA00978D79 /* CreditTests */,
				9AA10AD11953BBBA00978D79 /* Frameworks */,
				9AA10AD01953BBBA00978D79 /* Products */,
			);
			sourceTree = "<group>";
		};
		9AA10AD01953BBBA00978D79 /* Products */ = {
			isa = PBXGroup;
			children = (
				9AA10ACF1953BBBA00978D79 /* Credit.app */,
				9AA10AF01953BBBA00978D79 /* CreditTests.xctest */,
			);
			name = Products;
			sourceTree = "<group>";
		};
		9AA10AD11953BBBA00978D79 /* Frameworks */ = {
			isa = PBXGroup;
			children = (
				9AA10AD21953BBBA00978D79 /* Foundation.framework */,
				9AA10AD41953BBBA00978D79 /* CoreGraphics.framework */,
				9AA10AD61953BBBA00978D79 /* UIKit.framework */,
				9AA10AF11953BBBA00978D79 /* XCTest.framework */,
			);
			name = Frameworks;
			sourceTree = "<group>";
		};
		9AA10AD81953BBBA00978D79 /* Credit */ = {
			isa = PBXGroup;
			children = (
				9AA10AE11953BBBA00978D79 /* iOSAppDelegate.h */,
				9AA10AE21953BBBA00978D79 /* iOSAppDelegate.m */,
				9AA10AE41953BBBA00978D79 /* Main.storyboard */,
				9AA10AE71953BBBA00978D79 /* WedViewController.h */,
				9AA10AE81953BBBA00978D79 /* WedViewController.m */,
				9AA10B071953BC7100978D79 /* TimeViewController.h */,
				9AA10B081953BC7100978D79 /* TimeViewController.m */,
				9AA10B101953C08700978D79 /* ThurViewController.h */,
				9AA10B131953C09700978D79 /* FriViewController.h */,
				9AA10B141953C09700978D79 /* FriViewController.m */,
				9AA10B111953C08700978D79 /* ThurViewController.m */,
				9AA10B0A1953BCBB00978D79 /* MonViewController.h */,
				9AA10B0D1953BCEF00978D79 /* TueViewController.h */,
				9AA10B0E1953BCEF00978D79 /* TueViewController.m */,
				9AA10B0B1953BCBB00978D79 /* MonViewController.m */,
				9AA10AEA1953BBBA00978D79 /* Images.xcassets */,
				9AA10AD91953BBBA00978D79 /* Supporting Files */,
			);
			path = Credit;
			sourceTree = "<group>";
		};
		9AA10AD91953BBBA00978D79 /* Supporting Files */ = {
			isa = PBXGroup;
			children = (
				9AA10ADA1953BBBA00978D79 /* Credit-Info.plist */,
				9AA10ADB1953BBBA00978D79 /* InfoPlist.strings */,
				9AA10ADE1953BBBA00978D79 /* main.m */,
				9AA10AE01953BBBA00978D79 /* Credit-Prefix.pch */,
			);
			name = "Supporting Files";
			sourceTree = "<group>";
		};
		9AA10AF71953BBBA00978D79 /* CreditTests */ = {
			isa = PBXGroup;
			children = (
				9AA10AFD1953BBBA00978D79 /* CreditTests.m */,
				9AA10AF81953BBBA00978D79 /* Supporting Files */,
			);
			path = CreditTests;
			sourceTree = "<group>";
		};
		9AA10AF81953BBBA00978D79 /* Supporting Files */ = {
			isa = PBXGroup;
			children = (
				9AA10AF91953BBBA00978D79 /* CreditTests-Info.plist */,
				9AA10AFA1953BBBA00978D79 /* InfoPlist.strings */,
			);
			name = "Supporting Files";
			sourceTree = "<group>";
		};
/* End PBXGroup section */

/* Begin PBXNativeTarget section */
		9AA10ACE1953BBBA00978D79 /* Credit */ = {
			isa = PBXNativeTarget;
			buildConfigurationList = 9AA10B011953BBBA00978D79 /* Build configuration list for PBXNativeTarget "Credit" */;
			buildPhases = (
				9AA10ACB1953BBBA00978D79 /* Sources */,
				9AA10ACC1953BBBA00978D79 /* Frameworks */,
				9AA10ACD1953BBBA00978D79 /* Resources */,
			);
			buildRules = (
			);
			dependencies = (
			);
			name = Credit;
			productName = Credit;
			productReference = 9AA10ACF1953BBBA00978D79 /* Credit.app */;
			productType = "com.apple.product-type.application";
		};
		9AA10AEF1953BBBA00978D79 /* CreditTests */ = {
			isa = PBXNativeTarget;
			buildConfigurationList = 9AA10B041953BBBA00978D79 /* Build configuration list for PBXNativeTarget "CreditTests" */;
			buildPhases = (
				9AA10AEC1953BBBA00978D79 /* Sources */,
				9AA10AED1953BBBA00978D79 /* Frameworks */,
				9AA10AEE1953BBBA00978D79 /* Resources */,
			);
			buildRules = (
			);
			dependencies = (
				9AA10AF61953BBBA00978D79 /* PBXTargetDependency */,
			);
			name = CreditTests;
			productName = CreditTests;
			productReference = 9AA10AF01953BBBA00978D79 /* CreditTests.xctest */;
			productType = "com.apple.product-type.bundle.unit-test";
		};
/* End PBXNativeTarget section */

/* Begin PBXProject section */
		9AA10AC71953BBBA00978D79 /* Project object */ = {
			isa = PBXProject;
			attributes = {
				CLASSPREFIX = iOS;
				LastUpgradeCheck = 0510;
				ORGANIZATIONNAME = "是常 雄大";
				TargetAttributes = {
					9AA10AEF1953BBBA00978D79 = {
						TestTargetID = 9AA10ACE1953BBBA00978D79;
					};
				};
			};
			buildConfigurationList = 9AA10ACA1953BBBA00978D79 /* Build configuration list for PBXProject "Credit" */;
			compatibilityVersion = "Xcode 3.2";
			developmentRegion = English;
			hasScannedForEncodings = 0;
			knownRegions = (
				en,
				Base,
			);
			mainGroup = 9AA10AC61953BBBA00978D79;
			productRefGroup = 9AA10AD01953BBBA00978D79 /* Products */;
			projectDirPath = "";
			projectRoot = "";
			targets = (
				9AA10ACE1953BBBA00978D79 /* Credit */,
				9AA10AEF1953BBBA00978D79 /* CreditTests */,
			);
		};
/* End PBXProject section */

/* Begin PBXResourcesBuildPhase section */
		9AA10ACD1953BBBA00978D79 /* Resources */ = {
			isa = PBXResourcesBuildPhase;
			buildActionMask = 2147483647;
			files = (
				9AA10AEB1953BBBA00978D79 /* Images.xcassets in Resources */,
				9AA10ADD1953BBBA00978D79 /* InfoPlist.strings in Resources */,
				9AA10AE61953BBBA00978D79 /* Main.storyboard in Resources */,
			);
			runOnlyForDeploymentPostprocessing = 0;
		};
		9AA10AEE1953BBBA00978D79 /* Resources */ = {
			isa = PBXResourcesBuildPhase;
			buildActionMask = 2147483647;
			files = (
				9AA10AFC1953BBBA00978D79 /* InfoPlist.strings in Resources */,
			);
			runOnlyForDeploymentPostprocessing = 0;
		};
/* End PBXResourcesBuildPhase section */

/* Begin PBXSourcesBuildPhase section */
		9AA10ACB1953BBBA00978D79 /* Sources */ = {
			isa = PBXSourcesBuildPhase;
			buildActionMask = 2147483647;
			files = (
				9AA10AE31953BBBA00978D79 /* iOSAppDelegate.m in Sources */,
				9AA10B091953BC7100978D79 /* TimeViewController.m in Sources */,
				9AA10ADF1953BBBA00978D79 /* main.m in Sources */,
				9AA10B0F1953BCEF00978D79 /* TueViewController.m in Sources */,
				9AA10AE91953BBBA00978D79 /* WedViewController.m in Sources */,
				9AA10B0C1953BCBB00978D79 /* MonViewController.m in Sources */,
				9AA10B151953C09700978D79 /* FriViewController.m in Sources */,
				9AA10B121953C08700978D79 /* ThurViewController.m in Sources */,
			);
			runOnlyForDeploymentPostprocessing = 0;
		};
		9AA10AEC1953BBBA00978D79 /* Sources */ = {
			isa = PBXSourcesBuildPhase;
			buildActionMask = 2147483647;
			files = (
				9AA10AFE1953BBBA00978D79 /* CreditTests.m in Sources */,
			);
			runOnlyForDeploymentPostprocessing = 0;
		};
/* End PBXSourcesBuildPhase section */

/* Begin PBXTargetDependency section */
		9AA10AF61953BBBA00978D79 /* PBXTargetDependency */ = {
			isa = PBXTargetDependency;
			target = 9AA10ACE1953BBBA00978D79 /* Credit */;
			targetProxy = 9AA10AF51953BBBA00978D79 /* PBXContainerItemProxy */;
		};
/* End PBXTargetDependency section */

/* Begin PBXVariantGroup section */
		9AA10ADB1953BBBA00978D79 /* InfoPlist.strings */ = {
			isa = PBXVariantGroup;
			children = (
				9AA10ADC1953BBBA00978D79 /* en */,
			);
			name = InfoPlist.strings;
			sourceTree = "<group>";
		};
		9AA10AE41953BBBA00978D79 /* Main.storyboard */ = {
			isa = PBXVariantGroup;
			children = (
				9AA10AE51953BBBA00978D79 /* Base */,
			);
			name = Main.storyboard;
			sourceTree = "<group>";
		};
		9AA10AFA1953BBBA00978D79 /* InfoPlist.strings */ = {
			isa = PBXVariantGroup;
			children = (
				9AA10AFB1953BBBA00978D79 /* en */,
			);
			name = InfoPlist.strings;
			sourceTree = "<group>";
		};
/* End PBXVariantGroup section */

/* Begin XCBuildConfiguration section */
		9AA10AFF1953BBBA00978D79 /* Debug */ = {
			isa = XCBuildConfiguration;
			buildSettings = {
				ALWAYS_SEARCH_USER_PATHS = NO;
				CLANG_CXX_LANGUAGE_STANDARD = "gnu++0x";
				CLANG_CXX_LIBRARY = "libc++";
				CLANG_ENABLE_MODULES = YES;
				CLANG_ENABLE_OBJC_ARC = YES;
				CLANG_WARN_BOOL_CONVERSION = YES;
				CLANG_WARN_CONSTANT_CONVERSION = YES;
				CLANG_WARN_DIRECT_OBJC_ISA_USAGE = YES_ERROR;
				CLANG_WARN_EMPTY_BODY = YES;
				CLANG_WARN_ENUM_CONVERSION = YES;
				CLANG_WARN_INT_CONVERSION = YES;
				CLANG_WARN_OBJC_ROOT_CLASS = YES_ERROR;
				CLANG_WARN__DUPLICATE_METHOD_MATCH = YES;
				"CODE_SIGN_IDENTITY[sdk=iphoneos*]" = "iPhone Developer";
				COPY_PHASE_STRIP = NO;
				GCC_C_LANGUAGE_STANDARD = gnu99;
				GCC_DYNAMIC_NO_PIC = NO;
				GCC_OPTIMIZATION_LEVEL = 0;
				GCC_PREPROCESSOR_DEFINITIONS = (
					"DEBUG=1",
					"$(inherited)",
				);
				GCC_SYMBOLS_PRIVATE_EXTERN = NO;
				GCC_WARN_64_TO_32_BIT_CONVERSION = YES;
				GCC_WARN_ABOUT_RETURN_TYPE = YES_ERROR;
				GCC_WARN_UNDECLARED_SELECTOR = YES;
				GCC_WARN_UNINITIALIZED_AUTOS = YES_AGGRESSIVE;
				GCC_WARN_UNUSED_FUNCTION = YES;
				GCC_WARN_UNUSED_VARIABLE = YES;
				IPHONEOS_DEPLOYMENT_TARGET = 7.1;
				ONLY_ACTIVE_ARCH = YES;
				SDKROOT = iphoneos;
			};
			name = Debug;
		};
		9AA10B001953BBBA00978D79 /* Release */ = {
			isa = XCBuildConfiguration;
			buildSettings = {
				ALWAYS_SEARCH_USER_PATHS = NO;
				CLANG_CXX_LANGUAGE_STANDARD = "gnu++0x";
				CLANG_CXX_LIBRARY = "libc++";
				CLANG_ENABLE_MODULES = YES;
				CLANG_ENABLE_OBJC_ARC = YES;
				CLANG_WARN_BOOL_CONVERSION = YES;
				CLANG_WARN_CONSTANT_CONVERSION = YES;
				CLANG_WARN_DIRECT_OBJC_ISA_USAGE = YES_ERROR;
				CLANG_WARN_EMPTY_BODY = YES;
				CLANG_WARN_ENUM_CONVERSION = YES;
				CLANG_WARN_INT_CONVERSION = YES;
				CLANG_WARN_OBJC_ROOT_CLASS = YES_ERROR;
				CLANG_WARN__DUPLICATE_METHOD_MATCH = YES;
				"CODE_SIGN_IDENTITY[sdk=iphoneos*]" = "iPhone Developer";
				COPY_PHASE_STRIP = YES;
				ENABLE_NS_ASSERTIONS = NO;
				GCC_C_LANGUAGE_STANDARD = gnu99;
				GCC_WARN_64_TO_32_BIT_CONVERSION = YES;
				GCC_WARN_ABOUT_RETURN_TYPE = YES_ERROR;
				GCC_WARN_UNDECLARED_SELECTOR = YES;
				GCC_WARN_UNINITIALIZED_AUTOS = YES_AGGRESSIVE;
				GCC_WARN_UNUSED_FUNCTION = YES;
				GCC_WARN_UNUSED_VARIABLE = YES;
				IPHONEOS_DEPLOYMENT_TARGET = 7.1;
				SDKROOT = iphoneos;
				VALIDATE_PRODUCT = YES;
			};
			name = Release;
		};
		9AA10B021953BBBA00978D79 /* Debug */ = {
			isa = XCBuildConfiguration;
			buildSettings = {
				ASSETCATALOG_COMPILER_APPICON_NAME = AppIcon;
				ASSETCATALOG_COMPILER_LAUNCHIMAGE_NAME = LaunchImage;
				GCC_PRECOMPILE_PREFIX_HEADER = YES;
				GCC_PREFIX_HEADER = "Credit/Credit-Prefix.pch";
				INFOPLIST_FILE = "Credit/Credit-Info.plist";
				PRODUCT_NAME = "$(TARGET_NAME)";
				WRAPPER_EXTENSION = app;
			};
			name = Debug;
		};
		9AA10B031953BBBA00978D79 /* Release */ = {
			isa = XCBuildConfiguration;
			buildSettings = {
				ASSETCATALOG_COMPILER_APPICON_NAME = AppIcon;
				ASSETCATALOG_COMPILER_LAUNCHIMAGE_NAME = LaunchImage;
				GCC_PRECOMPILE_PREFIX_HEADER = YES;
				GCC_PREFIX_HEADER = "Credit/Credit-Prefix.pch";
				INFOPLIST_FILE = "Credit/Credit-Info.plist";
				PRODUCT_NAME = "$(TARGET_NAME)";
				WRAPPER_EXTENSION = app;
			};
			name = Release;
		};
		9AA10B051953BBBA00978D79 /* Debug */ = {
			isa = XCBuildConfiguration;
			buildSettings = {
				BUNDLE_LOADER = "$(BUILT_PRODUCTS_DIR)/Credit.app/Credit";
				FRAMEWORK_SEARCH_PATHS = (
					"$(SDKROOT)/Developer/Library/Frameworks",
					"$(inherited)",
					"$(DEVELOPER_FRAMEWORKS_DIR)",
				);
				GCC_PRECOMPILE_PREFIX_HEADER = YES;
				GCC_PREFIX_HEADER = "Credit/Credit-Prefix.pch";
				GCC_PREPROCESSOR_DEFINITIONS = (
					"DEBUG=1",
					"$(inherited)",
				);
				INFOPLIST_FILE = "CreditTests/CreditTests-Info.plist";
				PRODUCT_NAME = "$(TARGET_NAME)";
				TEST_HOST = "$(BUNDLE_LOADER)";
				WRAPPER_EXTENSION = xctest;
			};
			name = Debug;
		};
		9AA10B061953BBBA00978D79 /* Release */ = {
			isa = XCBuildConfiguration;
			buildSettings = {
				BUNDLE_LOADER = "$(BUILT_PRODUCTS_DIR)/Credit.app/Credit";
				FRAMEWORK_SEARCH_PATHS = (
					"$(SDKROOT)/Developer/Library/Frameworks",
					"$(inherited)",
					"$(DEVELOPER_FRAMEWORKS_DIR)",
				);
				GCC_PRECOMPILE_PREFIX_HEADER = YES;
				GCC_PREFIX_HEADER = "Credit/Credit-Prefix.pch";
				INFOPLIST_FILE = "CreditTests/CreditTests-Info.plist";
				PRODUCT_NAME = "$(TARGET_NAME)";
				TEST_HOST = "$(BUNDLE_LOADER)";
				WRAPPER_EXTENSION = xctest;
			};
			name = Release;
		};
/* End XCBuildConfiguration section */

/* Begin XCConfigurationList section */
		9AA10ACA1953BBBA00978D79 /* Build configuration list for PBXProject "Credit" */ = {
			isa = XCConfigurationList;
			buildConfigurations = (
				9AA10AFF1953BBBA00978D79 /* Debug */,
				9AA10B001953BBBA00978D79 /* Release */,
			);
			defaultConfigurationIsVisible = 0;
			defaultConfigurationName = Release;
		};
		9AA10B011953BBBA00978D79 /* Build configuration list for PBXNativeTarget "Credit" */ = {
			isa = XCConfigurationList;
			buildConfigurations = (
				9AA10B021953BBBA00978D79 /* Debug */,
				9AA10B031953BBBA00978D79 /* Release */,
			);
			defaultConfigurationIsVisible = 0;
		};
		9AA10B041953BBBA00978D79 /* Build configuration list for PBXNativeTarget "CreditTests" */ = {
			isa = XCConfigurationList;
			buildConfigurations = (
				9AA10B051953BBBA00978D79 /* Debug */,
				9AA10B061953BBBA00978D79 /* Release */,
			);
			defaultConfigurationIsVisible = 0;
		};
/* End XCConfigurationList section */
	};
	rootObject = 9AA10AC71953BBBA00978D79 /* Project object */;
}
